
Microsoft Visual Studio Solution File, Format Version 12.00
# Visual Studio Version 16
VisualStudioVersion = 16.0.29709.97
MinimumVisualStudioVersion = 10.0.40219.1
Project("{FAE04EC0-301F-11D3-BF4B-00C04F79EFBC}") = "WIn10BlueScreen", "WIn10BlueScreen\WIn10BlueScreen.csproj", "{82A40B1D-6E87-42D5-8270-B4FE2F076A4D}"
EndProject
Global
	GlobalSection(SolutionConfigurationPlatforms) = preSolution
		Debug|Any CPU = Debug|Any CPU
		Release|Any CPU = Release|Any CPU
	EndGlobalSection
	GlobalSection(ProjectConfigurationPlatforms) = postSolution
		{82A40B1D-6E87-42D5-8270-B4FE2F076A4D}.Debug|Any CPU.ActiveCfg = Debug|Any CPU
		{82A40B1D-6E87-42D5-8270-B4FE2F076A4D}.Debug|Any CPU.Build.0 = Debug|Any CPU
		{82A40B1D-6E87-42D5-8270-B4FE2F076A4D}.Release|Any CPU.ActiveCfg = Release|Any CPU
		{82A40B1D-6E87-42D5-8270-B4FE2F076A4D}.Release|Any CPU.Build.0 = Release|Any CPU
	EndGlobalSection
	GlobalSection(SolutionProperties) = preSolution
		HideSolutionNode = FALSE
	EndGlobalSection
	GlobalSection(ExtensibilityGlobals) = postSolution
		SolutionGuid = {48297DEA-7AA2-47A3-BE31-09DB9D1951D8}
	EndGlobalSection
EndGlobal
